// !$*UTF8*$!
{
	archiveVersion = 1;
	classes = {
	};
	objectVersion = 51;
	objects = {

/* Begin PBXBuildFile section */
		72680ABA57F9D855107E419C /* Pods_Stamina.framework in Frameworks */ = {isa = PBXBuildFile; fileRef = AE08F9BBFD5CB5B8A1A5D364 /* Pods_Stamina.framework */; };
		C44F224A2519C5BC000A90BD /* StaminaApp.swift in Sources */ = {isa = PBXBuildFile; fileRef = C44F22492519C5BC000A90BD /* StaminaApp.swift */; };
		C44F224C2519C5BC000A90BD /* LandingView.swift in Sources */ = {isa = PBXBuildFile; fileRef = C44F224B2519C5BC000A90BD /* LandingView.swift */; };
		C44F224E2519C5BD000A90BD /* Assets.xcassets in Resources */ = {isa = PBXBuildFile; fileRef = C44F224D2519C5BD000A90BD /* Assets.xcassets */; };
		C44F22512519C5BD000A90BD /* Preview Assets.xcassets in Resources */ = {isa = PBXBuildFile; fileRef = C44F22502519C5BD000A90BD /* Preview Assets.xcassets */; };
		C44F22592519C97F000A90BD /* PrimaryButtonStyle.swift in Sources */ = {isa = PBXBuildFile; fileRef = C44F22582519C97F000A90BD /* PrimaryButtonStyle.swift */; };
		C44F225B2519CA01000A90BD /* Color+Extension.swift in Sources */ = {isa = PBXBuildFile; fileRef = C44F225A2519CA01000A90BD /* Color+Extension.swift */; };
		C44F225D2519CE3E000A90BD /* CreateView.swift in Sources */ = {isa = PBXBuildFile; fileRef = C44F225C2519CE3E000A90BD /* CreateView.swift */; };
		C44F225F2519CE8E000A90BD /* DropdownView.swift in Sources */ = {isa = PBXBuildFile; fileRef = C44F225E2519CE8E000A90BD /* DropdownView.swift */; };
		C44F22612519D17C000A90BD /* RemindView.swift in Sources */ = {isa = PBXBuildFile; fileRef = C44F22602519D17C000A90BD /* RemindView.swift */; };
		C44F22642519D2FE000A90BD /* CreateChallengeViewModel.swift in Sources */ = {isa = PBXBuildFile; fileRef = C44F22632519D2FE000A90BD /* CreateChallengeViewModel.swift */; };
		C44F22662519D35D000A90BD /* DropdownItemProtocol.swift in Sources */ = {isa = PBXBuildFile; fileRef = C44F22652519D35D000A90BD /* DropdownItemProtocol.swift */; };
		C44F2268251A6316000A90BD /* GoogleService-Info.plist in Resources */ = {isa = PBXBuildFile; fileRef = C44F2267251A6316000A90BD /* GoogleService-Info.plist */; };
		C44F226B251A6A54000A90BD /* UserService.swift in Sources */ = {isa = PBXBuildFile; fileRef = C44F226A251A6A54000A90BD /* UserService.swift */; };
		C44F226E251A7690000A90BD /* Challenge.swift in Sources */ = {isa = PBXBuildFile; fileRef = C44F226D251A7690000A90BD /* Challenge.swift */; };
		C44F2270251A76FF000A90BD /* ChallengeService.swift in Sources */ = {isa = PBXBuildFile; fileRef = C44F226F251A76FF000A90BD /* ChallengeService.swift */; };
/* End PBXBuildFile section */

/* Begin PBXFileReference section */
		0BA8446405759119A6765F97 /* Pods-Stamina.debug.xcconfig */ = {isa = PBXFileReference; includeInIndex = 1; lastKnownFileType = text.xcconfig; name = "Pods-Stamina.debug.xcconfig"; path = "Target Support Files/Pods-Stamina/Pods-Stamina.debug.xcconfig"; sourceTree = "<group>"; };
		64E592A17945F76ED8879CAB /* Pods-Stamina.release.xcconfig */ = {isa = PBXFileReference; includeInIndex = 1; lastKnownFileType = text.xcconfig; name = "Pods-Stamina.release.xcconfig"; path = "Target Support Files/Pods-Stamina/Pods-Stamina.release.xcconfig"; sourceTree = "<group>"; };
		AE08F9BBFD5CB5B8A1A5D364 /* Pods_Stamina.framework */ = {isa = PBXFileReference; explicitFileType = wrapper.framework; includeInIndex = 0; path = Pods_Stamina.framework; sourceTree = BUILT_PRODUCTS_DIR; };
		C44F22462519C5BC000A90BD /* Stamina.app */ = {isa = PBXFileReference; explicitFileType = wrapper.application; includeInIndex = 0; path = Stamina.app; sourceTree = BUILT_PRODUCTS_DIR; };
		C44F22492519C5BC000A90BD /* StaminaApp.swift */ = {isa = PBXFileReference; lastKnownFileType = sourcecode.swift; path = StaminaApp.swift; sourceTree = "<group>"; };
		C44F224B2519C5BC000A90BD /* LandingView.swift */ = {isa = PBXFileReference; lastKnownFileType = sourcecode.swift; path = LandingView.swift; sourceTree = "<group>"; };
		C44F224D2519C5BD000A90BD /* Assets.xcassets */ = {isa = PBXFileReference; lastKnownFileType = folder.assetcatalog; path = Assets.xcassets; sourceTree = "<group>"; };
		C44F22502519C5BD000A90BD /* Preview Assets.xcassets */ = {isa = PBXFileReference; lastKnownFileType = folder.assetcatalog; path = "Preview Assets.xcassets"; sourceTree = "<group>"; };
		C44F22522519C5BD000A90BD /* Info.plist */ = {isa = PBXFileReference; lastKnownFileType = text.plist.xml; path = Info.plist; sourceTree = "<group>"; };
		C44F22582519C97F000A90BD /* PrimaryButtonStyle.swift */ = {isa = PBXFileReference; lastKnownFileType = sourcecode.swift; path = PrimaryButtonStyle.swift; sourceTree = "<group>"; };
		C44F225A2519CA01000A90BD /* Color+Extension.swift */ = {isa = PBXFileReference; lastKnownFileType = sourcecode.swift; path = "Color+Extension.swift"; sourceTree = "<group>"; };
		C44F225C2519CE3E000A90BD /* CreateView.swift */ = {isa = PBXFileReference; lastKnownFileType = sourcecode.swift; path = CreateView.swift; sourceTree = "<group>"; };
		C44F225E2519CE8E000A90BD /* DropdownView.swift */ = {isa = PBXFileReference; lastKnownFileType = sourcecode.swift; path = DropdownView.swift; sourceTree = "<group>"; };
		C44F22602519D17C000A90BD /* RemindView.swift */ = {isa = PBXFileReference; lastKnownFileType = sourcecode.swift; path = RemindView.swift; sourceTree = "<group>"; };
		C44F22632519D2FE000A90BD /* CreateChallengeViewModel.swift */ = {isa = PBXFileReference; lastKnownFileType = sourcecode.swift; path = CreateChallengeViewModel.swift; sourceTree = "<group>"; };
		C44F22652519D35D000A90BD /* DropdownItemProtocol.swift */ = {isa = PBXFileReference; lastKnownFileType = sourcecode.swift; path = DropdownItemProtocol.swift; sourceTree = "<group>"; };
		C44F2267251A6316000A90BD /* GoogleService-Info.plist */ = {isa = PBXFileReference; fileEncoding = 4; lastKnownFileType = text.plist.xml; path = "GoogleService-Info.plist"; sourceTree = "<group>"; };
		C44F226A251A6A54000A90BD /* UserService.swift */ = {isa = PBXFileReference; lastKnownFileType = sourcecode.swift; path = UserService.swift; sourceTree = "<group>"; };
		C44F226D251A7690000A90BD /* Challenge.swift */ = {isa = PBXFileReference; lastKnownFileType = sourcecode.swift; path = Challenge.swift; sourceTree = "<group>"; };
		C44F226F251A76FF000A90BD /* ChallengeService.swift */ = {isa = PBXFileReference; lastKnownFileType = sourcecode.swift; path = ChallengeService.swift; sourceTree = "<group>"; };
/* End PBXFileReference section */

/* Begin PBXFrameworksBuildPhase section */
		C44F22432519C5BC000A90BD /* Frameworks */ = {
			isa = PBXFrameworksBuildPhase;
			buildActionMask = 2147483647;
			files = (
				72680ABA57F9D855107E419C /* Pods_Stamina.framework in Frameworks */,
			);
			runOnlyForDeploymentPostprocessing = 0;
		};
/* End PBXFrameworksBuildPhase section */

/* Begin PBXGroup section */
		1330306E7CC919B61ADF082A /* Frameworks */ = {
			isa = PBXGroup;
			children = (
				AE08F9BBFD5CB5B8A1A5D364 /* Pods_Stamina.framework */,
			);
			name = Frameworks;
			sourceTree = "<group>";
		};
		4B17B70C9947272F2761A2A1 /* Pods */ = {
			isa = PBXGroup;
			children = (
				0BA8446405759119A6765F97 /* Pods-Stamina.debug.xcconfig */,
				64E592A17945F76ED8879CAB /* Pods-Stamina.release.xcconfig */,
			);
			path = Pods;
			sourceTree = "<group>";
		};
		C44F223D2519C5BC000A90BD = {
			isa = PBXGroup;
			children = (
				C44F22482519C5BC000A90BD /* Stamina */,
				C44F22472519C5BC000A90BD /* Products */,
				4B17B70C9947272F2761A2A1 /* Pods */,
				1330306E7CC919B61ADF082A /* Frameworks */,
			);
			sourceTree = "<group>";
		};
		C44F22472519C5BC000A90BD /* Products */ = {
			isa = PBXGroup;
			children = (
				C44F22462519C5BC000A90BD /* Stamina.app */,
			);
			name = Products;
			sourceTree = "<group>";
		};
		C44F22482519C5BC000A90BD /* Stamina */ = {
			isa = PBXGroup;
			children = (
				C44F226C251A7685000A90BD /* Models */,
				C44F2269251A6A49000A90BD /* Services */,
				C44F2267251A6316000A90BD /* GoogleService-Info.plist */,
				C44F22622519D2ED000A90BD /* ViewModels */,
				C44F22492519C5BC000A90BD /* StaminaApp.swift */,
				C44F224B2519C5BC000A90BD /* LandingView.swift */,
				C44F224D2519C5BD000A90BD /* Assets.xcassets */,
				C44F22522519C5BD000A90BD /* Info.plist */,
				C44F224F2519C5BD000A90BD /* Preview Content */,
				C44F22582519C97F000A90BD /* PrimaryButtonStyle.swift */,
				C44F225A2519CA01000A90BD /* Color+Extension.swift */,
				C44F225C2519CE3E000A90BD /* CreateView.swift */,
				C44F225E2519CE8E000A90BD /* DropdownView.swift */,
				C44F22602519D17C000A90BD /* RemindView.swift */,
			);
			path = Stamina;
			sourceTree = "<group>";
		};
		C44F224F2519C5BD000A90BD /* Preview Content */ = {
			isa = PBXGroup;
			children = (
				C44F22502519C5BD000A90BD /* Preview Assets.xcassets */,
			);
			path = "Preview Content";
			sourceTree = "<group>";
		};
		C44F22622519D2ED000A90BD /* ViewModels */ = {
			isa = PBXGroup;
			children = (
				C44F22632519D2FE000A90BD /* CreateChallengeViewModel.swift */,
				C44F22652519D35D000A90BD /* DropdownItemProtocol.swift */,
			);
			path = ViewModels;
			sourceTree = "<group>";
		};
		C44F2269251A6A49000A90BD /* Services */ = {
			isa = PBXGroup;
			children = (
				C44F226A251A6A54000A90BD /* UserService.swift */,
				C44F226F251A76FF000A90BD /* ChallengeService.swift */,
			);
			path = Services;
			sourceTree = "<group>";
		};
		C44F226C251A7685000A90BD /* Models */ = {
			isa = PBXGroup;
			children = (
				C44F226D251A7690000A90BD /* Challenge.swift */,
			);
			path = Models;
			sourceTree = "<group>";
		};
/* End PBXGroup section */

/* Begin PBXNativeTarget section */
		C44F22452519C5BC000A90BD /* Stamina */ = {
			isa = PBXNativeTarget;
			buildConfigurationList = C44F22552519C5BD000A90BD /* Build configuration list for PBXNativeTarget "Stamina" */;
			buildPhases = (
				993BA4893CF6E68A734493DA /* [CP] Check Pods Manifest.lock */,
				C44F22422519C5BC000A90BD /* Sources */,
				C44F22432519C5BC000A90BD /* Frameworks */,
				C44F22442519C5BC000A90BD /* Resources */,
				20B5D0595E194DBBF8F0EA3C /* [CP] Embed Pods Frameworks */,
			);
			buildRules = (
			);
			dependencies = (
			);
			name = Stamina;
			productName = Stamina;
			productReference = C44F22462519C5BC000A90BD /* Stamina.app */;
			productType = "com.apple.product-type.application";
		};
/* End PBXNativeTarget section */

/* Begin PBXProject section */
		C44F223E2519C5BC000A90BD /* Project object */ = {
			isa = PBXProject;
			attributes = {
				LastSwiftUpdateCheck = 1200;
				LastUpgradeCheck = 1200;
				TargetAttributes = {
					C44F22452519C5BC000A90BD = {
						CreatedOnToolsVersion = 12.0;
					};
				};
			};
			buildConfigurationList = C44F22412519C5BC000A90BD /* Build configuration list for PBXProject "Stamina" */;
			compatibilityVersion = "Xcode 9.3";
			developmentRegion = en;
			hasScannedForEncodings = 0;
			knownRegions = (
				en,
				Base,
			);
			mainGroup = C44F223D2519C5BC000A90BD;
			productRefGroup = C44F22472519C5BC000A90BD /* Products */;
			projectDirPath = "";
			projectRoot = "";
			targets = (
				C44F22452519C5BC000A90BD /* Stamina */,
			);
		};
/* End PBXProject section */

/* Begin PBXResourcesBuildPhase section */
		C44F22442519C5BC000A90BD /* Resources */ = {
			isa = PBXResourcesBuildPhase;
			buildActionMask = 2147483647;
			files = (
				C44F22512519C5BD000A90BD /* Preview Assets.xcassets in Resources */,
				C44F224E2519C5BD000A90BD /* Assets.xcassets in Resources */,
				C44F2268251A6316000A90BD /* GoogleService-Info.plist in Resources */,
			);
			runOnlyForDeploymentPostprocessing = 0;
		};
/* End PBXResourcesBuildPhase section */

/* Begin PBXShellScriptBuildPhase section */
		20B5D0595E194DBBF8F0EA3C /* [CP] Embed Pods Frameworks */ = {
			isa = PBXShellScriptBuildPhase;
			buildActionMask = 2147483647;
			files = (
			);
			inputFileListPaths = (
				"${PODS_ROOT}/Target Support Files/Pods-Stamina/Pods-Stamina-frameworks-${CONFIGURATION}-input-files.xcfilelist",
			);
			name = "[CP] Embed Pods Frameworks";
			outputFileListPaths = (
				"${PODS_ROOT}/Target Support Files/Pods-Stamina/Pods-Stamina-frameworks-${CONFIGURATION}-output-files.xcfilelist",
			);
			runOnlyForDeploymentPostprocessing = 0;
			shellPath = /bin/sh;
			shellScript = "\"${PODS_ROOT}/Target Support Files/Pods-Stamina/Pods-Stamina-frameworks.sh\"\n";
			showEnvVarsInLog = 0;
		};
		993BA4893CF6E68A734493DA /* [CP] Check Pods Manifest.lock */ = {
			isa = PBXShellScriptBuildPhase;
			buildActionMask = 2147483647;
			files = (
			);
			inputFileListPaths = (
			);
			inputPaths = (
				"${PODS_PODFILE_DIR_PATH}/Podfile.lock",
				"${PODS_ROOT}/Manifest.lock",
			);
			name = "[CP] Check Pods Manifest.lock";
			outputFileListPaths = (
			);
			outputPaths = (
				"$(DERIVED_FILE_DIR)/Pods-Stamina-checkManifestLockResult.txt",
			);
			runOnlyForDeploymentPostprocessing = 0;
			shellPath = /bin/sh;
			shellScript = "diff \"${PODS_PODFILE_DIR_PATH}/Podfile.lock\" \"${PODS_ROOT}/Manifest.lock\" > /dev/null\nif [ $? != 0 ] ; then\n    # print error to STDERR\n    echo \"error: The sandbox is not in sync with the Podfile.lock. Run 'pod install' or update your CocoaPods installation.\" >&2\n    exit 1\nfi\n# This output is used by Xcode 'outputs' to avoid re-running this script phase.\necho \"SUCCESS\" > \"${SCRIPT_OUTPUT_FILE_0}\"\n";
			showEnvVarsInLog = 0;
		};
/* End PBXShellScriptBuildPhase section */

/* Begin PBXSourcesBuildPhase section */
		C44F22422519C5BC000A90BD /* Sources */ = {
			isa = PBXSourcesBuildPhase;
			buildActionMask = 2147483647;
			files = (
				C44F22592519C97F000A90BD /* PrimaryButtonStyle.swift in Sources */,
				C44F224C2519C5BC000A90BD /* LandingView.swift in Sources */,
				C44F224A2519C5BC000A90BD /* StaminaApp.swift in Sources */,
				C44F22662519D35D000A90BD /* DropdownItemProtocol.swift in Sources */,
				C44F226E251A7690000A90BD /* Challenge.swift in Sources */,
				C44F225B2519CA01000A90BD /* Color+Extension.swift in Sources */,
				C44F22642519D2FE000A90BD /* CreateChallengeViewModel.swift in Sources */,
				C44F226B251A6A54000A90BD /* UserService.swift in Sources */,
				C44F22612519D17C000A90BD /* RemindView.swift in Sources */,
				C44F2270251A76FF000A90BD /* ChallengeService.swift in Sources */,
				C44F225D2519CE3E000A90BD /* CreateView.swift in Sources */,
				C44F225F2519CE8E000A90BD /* DropdownView.swift in Sources */,
			);
			runOnlyForDeploymentPostprocessing = 0;
		};
/* End PBXSourcesBuildPhase section */

/* Begin XCBuildConfiguration section */
		C44F22532519C5BD000A90BD /* Debug */ = {
			isa = XCBuildConfiguration;
			buildSettings = {
				ALWAYS_SEARCH_USER_PATHS = NO;
				CLANG_ANALYZER_NONNULL = YES;
				CLANG_ANALYZER_NUMBER_OBJECT_CONVERSION = YES_AGGRESSIVE;
				CLANG_CXX_LANGUAGE_STANDARD = "gnu++14";
				CLANG_CXX_LIBRARY = "libc++";
				CLANG_ENABLE_MODULES = YES;
				CLANG_ENABLE_OBJC_ARC = YES;
				CLANG_ENABLE_OBJC_WEAK = YES;
				CLANG_WARN_BLOCK_CAPTURE_AUTORELEASING = YES;
				CLANG_WARN_BOOL_CONVERSION = YES;
				CLANG_WARN_COMMA = YES;
				CLANG_WARN_CONSTANT_CONVERSION = YES;
				CLANG_WARN_DEPRECATED_OBJC_IMPLEMENTATIONS = YES;
				CLANG_WARN_DIRECT_OBJC_ISA_USAGE = YES_ERROR;
				CLANG_WARN_DOCUMENTATION_COMMENTS = YES;
				CLANG_WARN_EMPTY_BODY = YES;
				CLANG_WARN_ENUM_CONVERSION = YES;
				CLANG_WARN_INFINITE_RECURSION = YES;
				CLANG_WARN_INT_CONVERSION = YES;
				CLANG_WARN_NON_LITERAL_NULL_CONVERSION = YES;
				CLANG_WARN_OBJC_IMPLICIT_RETAIN_SELF = YES;
				CLANG_WARN_OBJC_LITERAL_CONVERSION = YES;
				CLANG_WARN_OBJC_ROOT_CLASS = YES_ERROR;
				CLANG_WARN_QUOTED_INCLUDE_IN_FRAMEWORK_HEADER = YES;
				CLANG_WARN_RANGE_LOOP_ANALYSIS = YES;
				CLANG_WARN_STRICT_PROTOTYPES = YES;
				CLANG_WARN_SUSPICIOUS_MOVE = YES;
				CLANG_WARN_UNGUARDED_AVAILABILITY = YES_AGGRESSIVE;
				CLANG_WARN_UNREACHABLE_CODE = YES;
				CLANG_WARN__DUPLICATE_METHOD_MATCH = YES;
				COPY_PHASE_STRIP = NO;
				DEBUG_INFORMATION_FORMAT = dwarf;
				ENABLE_STRICT_OBJC_MSGSEND = YES;
				ENABLE_TESTABILITY = YES;
				GCC_C_LANGUAGE_STANDARD = gnu11;
				GCC_DYNAMIC_NO_PIC = NO;
				GCC_NO_COMMON_BLOCKS = YES;
				GCC_OPTIMIZATION_LEVEL = 0;
				GCC_PREPROCESSOR_DEFINITIONS = (
					"DEBUG=1",
					"$(inherited)",
				);
				GCC_WARN_64_TO_32_BIT_CONVERSION = YES;
				GCC_WARN_ABOUT_RETURN_TYPE = YES_ERROR;
				GCC_WARN_UNDECLARED_SELECTOR = YES;
				GCC_WARN_UNINITIALIZED_AUTOS = YES_AGGRESSIVE;
				GCC_WARN_UNUSED_FUNCTION = YES;
				GCC_WARN_UNUSED_VARIABLE = YES;
				IPHONEOS_DEPLOYMENT_TARGET = 14.0;
				MTL_ENABLE_DEBUG_INFO = INCLUDE_SOURCE;
				MTL_FAST_MATH = YES;
				ONLY_ACTIVE_ARCH = YES;
				SDKROOT = iphoneos;
				SWIFT_ACTIVE_COMPILATION_CONDITIONS = DEBUG;
				SWIFT_OPTIMIZATION_LEVEL = "-Onone";
			};
			name = Debug;
		};
		C44F22542519C5BD000A90BD /* Release */ = {
			isa = XCBuildConfiguration;
			buildSettings = {
				ALWAYS_SEARCH_USER_PATHS = NO;
				CLANG_ANALYZER_NONNULL = YES;
				CLANG_ANALYZER_NUMBER_OBJECT_CONVERSION = YES_AGGRESSIVE;
				CLANG_CXX_LANGUAGE_STANDARD = "gnu++14";
				CLANG_CXX_LIBRARY = "libc++";
				CLANG_ENABLE_MODULES = YES;
				CLANG_ENABLE_OBJC_ARC = YES;
				CLANG_ENABLE_OBJC_WEAK = YES;
				CLANG_WARN_BLOCK_CAPTURE_AUTORELEASING = YES;
				CLANG_WARN_BOOL_CONVERSION = YES;
				CLANG_WARN_COMMA = YES;
				CLANG_WARN_CONSTANT_CONVERSION = YES;
				CLANG_WARN_DEPRECATED_OBJC_IMPLEMENTATIONS = YES;
				CLANG_WARN_DIRECT_OBJC_ISA_USAGE = YES_ERROR;
				CLANG_WARN_DOCUMENTATION_COMMENTS = YES;
				CLANG_WARN_EMPTY_BODY = YES;
				CLANG_WARN_ENUM_CONVERSION = YES;
				CLANG_WARN_INFINITE_RECURSION = YES;
				CLANG_WARN_INT_CONVERSION = YES;
				CLANG_WARN_NON_LITERAL_NULL_CONVERSION = YES;
				CLANG_WARN_OBJC_IMPLICIT_RETAIN_SELF = YES;
				CLANG_WARN_OBJC_LITERAL_CONVERSION = YES;
				CLANG_WARN_OBJC_ROOT_CLASS = YES_ERROR;
				CLANG_WARN_QUOTED_INCLUDE_IN_FRAMEWORK_HEADER = YES;
				CLANG_WARN_RANGE_LOOP_ANALYSIS = YES;
				CLANG_WARN_STRICT_PROTOTYPES = YES;
				CLANG_WARN_SUSPICIOUS_MOVE = YES;
				CLANG_WARN_UNGUARDED_AVAILABILITY = YES_AGGRESSIVE;
				CLANG_WARN_UNREACHABLE_CODE = YES;
				CLANG_WARN__DUPLICATE_METHOD_MATCH = YES;
				COPY_PHASE_STRIP = NO;
				DEBUG_INFORMATION_FORMAT = "dwarf-with-dsym";
				ENABLE_NS_ASSERTIONS = NO;
				ENABLE_STRICT_OBJC_MSGSEND = YES;
				GCC_C_LANGUAGE_STANDARD = gnu11;
				GCC_NO_COMMON_BLOCKS = YES;
				GCC_WARN_64_TO_32_BIT_CONVERSION = YES;
				GCC_WARN_ABOUT_RETURN_TYPE = YES_ERROR;
				GCC_WARN_UNDECLARED_SELECTOR = YES;
				GCC_WARN_UNINITIALIZED_AUTOS = YES_AGGRESSIVE;
				GCC_WARN_UNUSED_FUNCTION = YES;
				GCC_WARN_UNUSED_VARIABLE = YES;
				IPHONEOS_DEPLOYMENT_TARGET = 14.0;
				MTL_ENABLE_DEBUG_INFO = NO;
				MTL_FAST_MATH = YES;
				SDKROOT = iphoneos;
				SWIFT_COMPILATION_MODE = wholemodule;
				SWIFT_OPTIMIZATION_LEVEL = "-O";
				VALIDATE_PRODUCT = YES;
			};
			name = Release;
		};
		C44F22562519C5BD000A90BD /* Debug */ = {
			isa = XCBuildConfiguration;
			baseConfigurationReference = 0BA8446405759119A6765F97 /* Pods-Stamina.debug.xcconfig */;
			buildSettings = {
				ASSETCATALOG_COMPILER_APPICON_NAME = AppIcon;
				ASSETCATALOG_COMPILER_GLOBAL_ACCENT_COLOR_NAME = AccentColor;
				CODE_SIGN_STYLE = Automatic;
				DEVELOPMENT_ASSET_PATHS = "\"Stamina/Preview Content\"";
				ENABLE_PREVIEWS = YES;
				INFOPLIST_FILE = Stamina/Info.plist;
				IPHONEOS_DEPLOYMENT_TARGET = 14.0;
				LD_RUNPATH_SEARCH_PATHS = (
					"$(inherited)",
					"@executable_path/Frameworks",
				);
				PRODUCT_BUNDLE_IDENTIFIER = com.zheliu.apple.Stamina;
				PRODUCT_NAME = "$(TARGET_NAME)";
				SWIFT_VERSION = 5.0;
				TARGETED_DEVICE_FAMILY = "1,2";
			};
			name = Debug;
		};
		C44F22572519C5BD000A90BD /* Release */ = {
			isa = XCBuildConfiguration;
			baseConfigurationReference = 64E592A17945F76ED8879CAB /* Pods-Stamina.release.xcconfig */;
			buildSettings = {
				ASSETCATALOG_COMPILER_APPICON_NAME = AppIcon;
				ASSETCATALOG_COMPILER_GLOBAL_ACCENT_COLOR_NAME = AccentColor;
				CODE_SIGN_STYLE = Automatic;
				DEVELOPMENT_ASSET_PATHS = "\"Stamina/Preview Content\"";
				ENABLE_PREVIEWS = YES;
				INFOPLIST_FILE = Stamina/Info.plist;
				IPHONEOS_DEPLOYMENT_TARGET = 14.0;
				LD_RUNPATH_SEARCH_PATHS = (
					"$(inherited)",
					"@executable_path/Frameworks",
				);
				PRODUCT_BUNDLE_IDENTIFIER = com.zheliu.apple.Stamina;
				PRODUCT_NAME = "$(TARGET_NAME)";
				SWIFT_VERSION = 5.0;
				TARGETED_DEVICE_FAMILY = "1,2";
			};
			name = Release;
		};
/* End XCBuildConfiguration section */

/* Begin XCConfigurationList section */
		C44F22412519C5BC000A90BD /* Build configuration list for PBXProject "Stamina" */ = {
			isa = XCConfigurationList;
			buildConfigurations = (
				C44F22532519C5BD000A90BD /* Debug */,
				C44F22542519C5BD000A90BD /* Release */,
			);
			defaultConfigurationIsVisible = 0;
			defaultConfigurationName = Release;
		};
		C44F22552519C5BD000A90BD /* Build configuration list for PBXNativeTarget "Stamina" */ = {
			isa = XCConfigurationList;
			buildConfigurations = (
				C44F22562519C5BD000A90BD /* Debug */,
				C44F22572519C5BD000A90BD /* Release */,
			);
			defaultConfigurationIsVisible = 0;
			defaultConfigurationName = Release;
		};
/* End XCConfigurationList section */
	};
	rootObject = C44F223E2519C5BC000A90BD /* Project object */;
}
